
Microsoft Visual Studio Solution File, Format Version 12.00
# Visual Studio 15
VisualStudioVersion = 15.0.27130.2010
MinimumVisualStudioVersion = 10.0.40219.1
Project("{FAE04EC0-301F-11D3-BF4B-00C04F79EFBC}") = "TierraSanta", "TierraSanta\TierraSanta.csproj", "{DD02BF03-75D8-4ED9-9427-AC40C622BC7E}"
EndProject
Global
	GlobalSection(SolutionConfigurationPlatforms) = preSolution
		Debug|Any CPU = Debug|Any CPU
		Release|Any CPU = Release|Any CPU
	EndGlobalSection
	GlobalSection(ProjectConfigurationPlatforms) = postSolution
		{DD02BF03-75D8-4ED9-9427-AC40C622BC7E}.Debug|Any CPU.ActiveCfg = Debug|Any CPU
		{DD02BF03-75D8-4ED9-9427-AC40C622BC7E}.Debug|Any CPU.Build.0 = Debug|Any CPU
		{DD02BF03-75D8-4ED9-9427-AC40C622BC7E}.Release|Any CPU.ActiveCfg = Release|Any CPU
		{DD02BF03-75D8-4ED9-9427-AC40C622BC7E}.Release|Any CPU.Build.0 = Release|Any CPU
	EndGlobalSection
	GlobalSection(SolutionProperties) = preSolution
		HideSolutionNode = FALSE
	EndGlobalSection
	GlobalSection(ExtensibilityGlobals) = postSolution
		SolutionGuid = {7F08F35E-C297-4911-A26A-A42F5A8B75A5}
	EndGlobalSection
EndGlobal
